
Microsoft Visual Studio Solution File, Format Version 12.00
# Visual Studio Version 17
VisualStudioVersion = 17.7.34202.233
MinimumVisualStudioVersion = 10.0.40219.1
Project("{FAE04EC0-301F-11D3-BF4B-00C04F79EFBC}") = "restaurant", "restaurant\restaurant.csproj", "{61C9899D-863C-4193-922A-F0473C9BA0FB}"
EndProject
Global
	GlobalSection(SolutionConfigurationPlatforms) = preSolution
		Debug|Any CPU = Debug|Any CPU
		Release|Any CPU = Release|Any CPU
	EndGlobalSection
	GlobalSection(ProjectConfigurationPlatforms) = postSolution
		{61C9899D-863C-4193-922A-F0473C9BA0FB}.Debug|Any CPU.ActiveCfg = Debug|Any CPU
		{61C9899D-863C-4193-922A-F0473C9BA0FB}.Debug|Any CPU.Build.0 = Debug|Any CPU
		{61C9899D-863C-4193-922A-F0473C9BA0FB}.Release|Any CPU.ActiveCfg = Release|Any CPU
		{61C9899D-863C-4193-922A-F0473C9BA0FB}.Release|Any CPU.Build.0 = Release|Any CPU
	EndGlobalSection
	GlobalSection(SolutionProperties) = preSolution
		HideSolutionNode = FALSE
	EndGlobalSection
	GlobalSection(ExtensibilityGlobals) = postSolution
		SolutionGuid = {9646FE99-277E-476F-A012-227E83E55AB4}
	EndGlobalSection
EndGlobal
